github.com/joho/godotenv v1.4.0 h1:3l4+N6zfMWnkbPEXKng2o2/MR5mSwTrBih4ZEkkz1lg=
github.com/joho/godotenv v1.4.0/go.mod h1:f4LDr5Voq0i2e/R5DDNOoa2zzDfwtkZa6DnEwAbqwq4=
github.com/muesli/cache2go v0.0.0-20211005105910-8e46465cca4a h1:IZxQOY9gAiiGGuEdlOBnqaC3yumj8UvyQluBNqGP2Ek=
github.com/muesli/cache2go v0.0.0-20211005105910-8e46465cca4a/go.mod h1:WERUkUryfUWlrHnFSO/BEUZ+7Ns8aZy7iVOGewxKzcc=
